
Microsoft Visual Studio Solution File, Format Version 12.00
# Visual Studio Version 17
VisualStudioVersion = 17.9.34714.143
MinimumVisualStudioVersion = 10.0.40219.1
Project("{FAE04EC0-301F-11D3-BF4B-00C04F79EFBC}") = "WebApi-subscriber", "WebApi-subscriber\WebApi-subscriber.csproj", "{DC324581-2E9D-4F70-8976-0A652C890BAB}"
EndProject
Global
	GlobalSection(SolutionConfigurationPlatforms) = preSolution
		Debug|Any CPU = Debug|Any CPU
		Release|Any CPU = Release|Any CPU
	EndGlobalSection
	GlobalSection(ProjectConfigurationPlatforms) = postSolution
		{DC324581-2E9D-4F70-8976-0A652C890BAB}.Debug|Any CPU.ActiveCfg = Debug|Any CPU
		{DC324581-2E9D-4F70-8976-0A652C890BAB}.Debug|Any CPU.Build.0 = Debug|Any CPU
		{DC324581-2E9D-4F70-8976-0A652C890BAB}.Release|Any CPU.ActiveCfg = Release|Any CPU
		{DC324581-2E9D-4F70-8976-0A652C890BAB}.Release|Any CPU.Build.0 = Release|Any CPU
	EndGlobalSection
	GlobalSection(SolutionProperties) = preSolution
		HideSolutionNode = FALSE
	EndGlobalSection
	GlobalSection(ExtensibilityGlobals) = postSolution
		SolutionGuid = {5B65257A-049D-4677-8F22-A4D9BCC7D464}
	EndGlobalSection
EndGlobal
